
Microsoft Visual Studio Solution File, Format Version 12.00
# Visual Studio Version 17
VisualStudioVersion = 17.6.33829.357
MinimumVisualStudioVersion = 10.0.40219.1
Project("{FAE04EC0-301F-11D3-BF4B-00C04F79EFBC}") = "CSharpBai13", "CSharpBai13.csproj", "{45CC0944-EC35-4F2F-9D07-A843051F55FE}"
EndProject
Global
	GlobalSection(SolutionConfigurationPlatforms) = preSolution
		Debug|Any CPU = Debug|Any CPU
		Release|Any CPU = Release|Any CPU
	EndGlobalSection
	GlobalSection(ProjectConfigurationPlatforms) = postSolution
		{45CC0944-EC35-4F2F-9D07-A843051F55FE}.Debug|Any CPU.ActiveCfg = Debug|Any CPU
		{45CC0944-EC35-4F2F-9D07-A843051F55FE}.Debug|Any CPU.Build.0 = Debug|Any CPU
		{45CC0944-EC35-4F2F-9D07-A843051F55FE}.Release|Any CPU.ActiveCfg = Release|Any CPU
		{45CC0944-EC35-4F2F-9D07-A843051F55FE}.Release|Any CPU.Build.0 = Release|Any CPU
	EndGlobalSection
	GlobalSection(SolutionProperties) = preSolution
		HideSolutionNode = FALSE
	EndGlobalSection
	GlobalSection(ExtensibilityGlobals) = postSolution
		SolutionGuid = {03923B2B-6CF0-4D71-B284-BF4D3CD326A6}
	EndGlobalSection
EndGlobal
